// !$*UTF8*$!
{
	archiveVersion = 1;
	classes = {
	};
	objectVersion = 56;
	objects = {

/* Begin PBXBuildFile section */
		E808091C2A4DB6A60020462D /* PDFToolsTestingApp.swift in Sources */ = {isa = PBXBuildFile; fileRef = E808091B2A4DB6A60020462D /* PDFToolsTestingApp.swift */; };
		E808091E2A4DB6A60020462D /* ContentView.swift in Sources */ = {isa = PBXBuildFile; fileRef = E808091D2A4DB6A60020462D /* ContentView.swift */; };
		E80809202A4DB6A70020462D /* Assets.xcassets in Resources */ = {isa = PBXBuildFile; fileRef = E808091F2A4DB6A70020462D /* Assets.xcassets */; };
		E80809232A4DB6A70020462D /* Preview Assets.xcassets in Resources */ = {isa = PBXBuildFile; fileRef = E80809222A4DB6A70020462D /* Preview Assets.xcassets */; };
		E80809412A4DB8D00020462D /* TestViewer.swift in Sources */ = {isa = PBXBuildFile; fileRef = E80809402A4DB8D00020462D /* TestViewer.swift */; };
		E80809432A4DB8DD0020462D /* TestGenerator.swift in Sources */ = {isa = PBXBuildFile; fileRef = E80809422A4DB8DD0020462D /* TestGenerator.swift */; };
		E8DE3C852A4DC07A00C3EE65 /* PDFTools.framework in Frameworks */ = {isa = PBXBuildFile; fileRef = E8DE3C842A4DC07A00C3EE65 /* PDFTools.framework */; };
		E8DE3C862A4DC07A00C3EE65 /* PDFTools.framework in Embed Frameworks */ = {isa = PBXBuildFile; fileRef = E8DE3C842A4DC07A00C3EE65 /* PDFTools.framework */; settings = {ATTRIBUTES = (CodeSignOnCopy, RemoveHeadersOnCopy, ); }; };
		E8DE3C8B2A4DC3F500C3EE65 /* RandomActs.pdf in Resources */ = {isa = PBXBuildFile; fileRef = E8DE3C8A2A4DC3F500C3EE65 /* RandomActs.pdf */; };
/* End PBXBuildFile section */

/* Begin PBXCopyFilesBuildPhase section */
		E8DE3C872A4DC07A00C3EE65 /* Embed Frameworks */ = {
			isa = PBXCopyFilesBuildPhase;
			buildActionMask = 2147483647;
			dstPath = "";
			dstSubfolderSpec = 10;
			files = (
				E8DE3C862A4DC07A00C3EE65 /* PDFTools.framework in Embed Frameworks */,
			);
			name = "Embed Frameworks";
			runOnlyForDeploymentPostprocessing = 0;
		};
/* End PBXCopyFilesBuildPhase section */

/* Begin PBXFileReference section */
		E80809182A4DB6A60020462D /* PDFToolsTesting.app */ = {isa = PBXFileReference; explicitFileType = wrapper.application; includeInIndex = 0; path = PDFToolsTesting.app; sourceTree = BUILT_PRODUCTS_DIR; };
		E808091B2A4DB6A60020462D /* PDFToolsTestingApp.swift */ = {isa = PBXFileReference; lastKnownFileType = sourcecode.swift; path = PDFToolsTestingApp.swift; sourceTree = "<group>"; };
		E808091D2A4DB6A60020462D /* ContentView.swift */ = {isa = PBXFileReference; lastKnownFileType = sourcecode.swift; path = ContentView.swift; sourceTree = "<group>"; };
		E808091F2A4DB6A70020462D /* Assets.xcassets */ = {isa = PBXFileReference; lastKnownFileType = folder.assetcatalog; path = Assets.xcassets; sourceTree = "<group>"; };
		E80809222A4DB6A70020462D /* Preview Assets.xcassets */ = {isa = PBXFileReference; lastKnownFileType = folder.assetcatalog; path = "Preview Assets.xcassets"; sourceTree = "<group>"; };
		E80809402A4DB8D00020462D /* TestViewer.swift */ = {isa = PBXFileReference; lastKnownFileType = sourcecode.swift; path = TestViewer.swift; sourceTree = "<group>"; };
		E80809422A4DB8DD0020462D /* TestGenerator.swift */ = {isa = PBXFileReference; lastKnownFileType = sourcecode.swift; path = TestGenerator.swift; sourceTree = "<group>"; };
		E8DE3C842A4DC07A00C3EE65 /* PDFTools.framework */ = {isa = PBXFileReference; explicitFileType = wrapper.framework; path = PDFTools.framework; sourceTree = BUILT_PRODUCTS_DIR; };
		E8DE3C8A2A4DC3F500C3EE65 /* RandomActs.pdf */ = {isa = PBXFileReference; lastKnownFileType = image.pdf; path = RandomActs.pdf; sourceTree = "<group>"; };
/* End PBXFileReference section */

/* Begin PBXFrameworksBuildPhase section */
		E80809152A4DB6A60020462D /* Frameworks */ = {
			isa = PBXFrameworksBuildPhase;
			buildActionMask = 2147483647;
			files = (
				E8DE3C852A4DC07A00C3EE65 /* PDFTools.framework in Frameworks */,
			);
			runOnlyForDeploymentPostprocessing = 0;
		};
/* End PBXFrameworksBuildPhase section */

/* Begin PBXGroup section */
		E808090F2A4DB6A60020462D = {
			isa = PBXGroup;
			children = (
				E808091A2A4DB6A60020462D /* PDFToolsTesting */,
				E80809192A4DB6A60020462D /* Products */,
				E8DE3C832A4DC07A00C3EE65 /* Frameworks */,
			);
			sourceTree = "<group>";
		};
		E80809192A4DB6A60020462D /* Products */ = {
			isa = PBXGroup;
			children = (
				E80809182A4DB6A60020462D /* PDFToolsTesting.app */,
			);
			name = Products;
			sourceTree = "<group>";
		};
		E808091A2A4DB6A60020462D /* PDFToolsTesting */ = {
			isa = PBXGroup;
			children = (
				E808091B2A4DB6A60020462D /* PDFToolsTestingApp.swift */,
				E808091D2A4DB6A60020462D /* ContentView.swift */,
				E808091F2A4DB6A70020462D /* Assets.xcassets */,
				E80809212A4DB6A70020462D /* Preview Content */,
				E8DE3C882A4DC16400C3EE65 /* Viewer */,
				E80809422A4DB8DD0020462D /* TestGenerator.swift */,
			);
			path = PDFToolsTesting;
			sourceTree = "<group>";
		};
		E80809212A4DB6A70020462D /* Preview Content */ = {
			isa = PBXGroup;
			children = (
				E80809222A4DB6A70020462D /* Preview Assets.xcassets */,
			);
			path = "Preview Content";
			sourceTree = "<group>";
		};
		E8DE3C832A4DC07A00C3EE65 /* Frameworks */ = {
			isa = PBXGroup;
			children = (
				E8DE3C842A4DC07A00C3EE65 /* PDFTools.framework */,
			);
			name = Frameworks;
			sourceTree = "<group>";
		};
		E8DE3C882A4DC16400C3EE65 /* Viewer */ = {
			isa = PBXGroup;
			children = (
				E80809402A4DB8D00020462D /* TestViewer.swift */,
				E8DE3C8A2A4DC3F500C3EE65 /* RandomActs.pdf */,
			);
			path = Viewer;
			sourceTree = "<group>";
		};
/* End PBXGroup section */

/* Begin PBXNativeTarget section */
		E80809172A4DB6A60020462D /* PDFToolsTesting */ = {
			isa = PBXNativeTarget;
			buildConfigurationList = E80809262A4DB6A70020462D /* Build configuration list for PBXNativeTarget "PDFToolsTesting" */;
			buildPhases = (
				E80809142A4DB6A60020462D /* Sources */,
				E80809152A4DB6A60020462D /* Frameworks */,
				E80809162A4DB6A60020462D /* Resources */,
				E8DE3C872A4DC07A00C3EE65 /* Embed Frameworks */,
			);
			buildRules = (
			);
			dependencies = (
			);
			name = PDFToolsTesting;
			productName = PDFToolsTesting;
			productReference = E80809182A4DB6A60020462D /* PDFToolsTesting.app */;
			productType = "com.apple.product-type.application";
		};
/* End PBXNativeTarget section */

/* Begin PBXProject section */
		E80809102A4DB6A60020462D /* Project object */ = {
			isa = PBXProject;
			attributes = {
				BuildIndependentTargetsInParallel = 1;
				LastSwiftUpdateCheck = 1430;
				LastUpgradeCheck = 1430;
				TargetAttributes = {
					E80809172A4DB6A60020462D = {
						CreatedOnToolsVersion = 14.3.1;
					};
				};
			};
			buildConfigurationList = E80809132A4DB6A60020462D /* Build configuration list for PBXProject "PDFToolsTesting" */;
			compatibilityVersion = "Xcode 14.0";
			developmentRegion = en;
			hasScannedForEncodings = 0;
			knownRegions = (
				en,
				Base,
			);
			mainGroup = E808090F2A4DB6A60020462D;
			productRefGroup = E80809192A4DB6A60020462D /* Products */;
			projectDirPath = "";
			projectRoot = "";
			targets = (
				E80809172A4DB6A60020462D /* PDFToolsTesting */,
			);
		};
/* End PBXProject section */

/* Begin PBXResourcesBuildPhase section */
		E80809162A4DB6A60020462D /* Resources */ = {
			isa = PBXResourcesBuildPhase;
			buildActionMask = 2147483647;
			files = (
				E80809232A4DB6A70020462D /* Preview Assets.xcassets in Resources */,
				E80809202A4DB6A70020462D /* Assets.xcassets in Resources */,
				E8DE3C8B2A4DC3F500C3EE65 /* RandomActs.pdf in Resources */,
			);
			runOnlyForDeploymentPostprocessing = 0;
		};
/* End PBXResourcesBuildPhase section */

/* Begin PBXSourcesBuildPhase section */
		E80809142A4DB6A60020462D /* Sources */ = {
			isa = PBXSourcesBuildPhase;
			buildActionMask = 2147483647;
			files = (
				E808091E2A4DB6A60020462D /* ContentView.swift in Sources */,
				E80809432A4DB8DD0020462D /* TestGenerator.swift in Sources */,
				E80809412A4DB8D00020462D /* TestViewer.swift in Sources */,
				E808091C2A4DB6A60020462D /* PDFToolsTestingApp.swift in Sources */,
			);
			runOnlyForDeploymentPostprocessing = 0;
		};
/* End PBXSourcesBuildPhase section */

/* Begin XCBuildConfiguration section */
		E80809242A4DB6A70020462D /* Debug */ = {
			isa = XCBuildConfiguration;
			buildSettings = {
				ALWAYS_SEARCH_USER_PATHS = NO;
				CLANG_ANALYZER_NONNULL = YES;
				CLANG_ANALYZER_NUMBER_OBJECT_CONVERSION = YES_AGGRESSIVE;
				CLANG_CXX_LANGUAGE_STANDARD = "gnu++20";
				CLANG_ENABLE_MODULES = YES;
				CLANG_ENABLE_OBJC_ARC = YES;
				CLANG_ENABLE_OBJC_WEAK = YES;
				CLANG_WARN_BLOCK_CAPTURE_AUTORELEASING = YES;
				CLANG_WARN_BOOL_CONVERSION = YES;
				CLANG_WARN_COMMA = YES;
				CLANG_WARN_CONSTANT_CONVERSION = YES;
				CLANG_WARN_DEPRECATED_OBJC_IMPLEMENTATIONS = YES;
				CLANG_WARN_DIRECT_OBJC_ISA_USAGE = YES_ERROR;
				CLANG_WARN_DOCUMENTATION_COMMENTS = YES;
				CLANG_WARN_EMPTY_BODY = YES;
				CLANG_WARN_ENUM_CONVERSION = YES;
				CLANG_WARN_INFINITE_RECURSION = YES;
				CLANG_WARN_INT_CONVERSION = YES;
				CLANG_WARN_NON_LITERAL_NULL_CONVERSION = YES;
				CLANG_WARN_OBJC_IMPLICIT_RETAIN_SELF = YES;
				CLANG_WARN_OBJC_LITERAL_CONVERSION = YES;
				CLANG_WARN_OBJC_ROOT_CLASS = YES_ERROR;
				CLANG_WARN_QUOTED_INCLUDE_IN_FRAMEWORK_HEADER = YES;
				CLANG_WARN_RANGE_LOOP_ANALYSIS = YES;
				CLANG_WARN_STRICT_PROTOTYPES = YES;
				CLANG_WARN_SUSPICIOUS_MOVE = YES;
				CLANG_WARN_UNGUARDED_AVAILABILITY = YES_AGGRESSIVE;
				CLANG_WARN_UNREACHABLE_CODE = YES;
				CLANG_WARN__DUPLICATE_METHOD_MATCH = YES;
				COPY_PHASE_STRIP = NO;
				DEBUG_INFORMATION_FORMAT = dwarf;
				ENABLE_STRICT_OBJC_MSGSEND = YES;
				ENABLE_TESTABILITY = YES;
				GCC_C_LANGUAGE_STANDARD = gnu11;
				GCC_DYNAMIC_NO_PIC = NO;
				GCC_NO_COMMON_BLOCKS = YES;
				GCC_OPTIMIZATION_LEVEL = 0;
				GCC_PREPROCESSOR_DEFINITIONS = (
					"DEBUG=1",
					"$(inherited)",
				);
				GCC_WARN_64_TO_32_BIT_CONVERSION = YES;
				GCC_WARN_ABOUT_RETURN_TYPE = YES_ERROR;
				GCC_WARN_UNDECLARED_SELECTOR = YES;
				GCC_WARN_UNINITIALIZED_AUTOS = YES_AGGRESSIVE;
				GCC_WARN_UNUSED_FUNCTION = YES;
				GCC_WARN_UNUSED_VARIABLE = YES;
				IPHONEOS_DEPLOYMENT_TARGET = 16.4;
				MTL_ENABLE_DEBUG_INFO = INCLUDE_SOURCE;
				MTL_FAST_MATH = YES;
				ONLY_ACTIVE_ARCH = YES;
				SDKROOT = iphoneos;
				SWIFT_ACTIVE_COMPILATION_CONDITIONS = DEBUG;
				SWIFT_OPTIMIZATION_LEVEL = "-Onone";
			};
			name = Debug;
		};
		E80809252A4DB6A70020462D /* Release */ = {
			isa = XCBuildConfiguration;
			buildSettings = {
				ALWAYS_SEARCH_USER_PATHS = NO;
				CLANG_ANALYZER_NONNULL = YES;
				CLANG_ANALYZER_NUMBER_OBJECT_CONVERSION = YES_AGGRESSIVE;
				CLANG_CXX_LANGUAGE_STANDARD = "gnu++20";
				CLANG_ENABLE_MODULES = YES;
				CLANG_ENABLE_OBJC_ARC = YES;
				CLANG_ENABLE_OBJC_WEAK = YES;
				CLANG_WARN_BLOCK_CAPTURE_AUTORELEASING = YES;
				CLANG_WARN_BOOL_CONVERSION = YES;
				CLANG_WARN_COMMA = YES;
				CLANG_WARN_CONSTANT_CONVERSION = YES;
				CLANG_WARN_DEPRECATED_OBJC_IMPLEMENTATIONS = YES;
				CLANG_WARN_DIRECT_OBJC_ISA_USAGE = YES_ERROR;
				CLANG_WARN_DOCUMENTATION_COMMENTS = YES;
				CLANG_WARN_EMPTY_BODY = YES;
				CLANG_WARN_ENUM_CONVERSION = YES;
				CLANG_WARN_INFINITE_RECURSION = YES;
				CLANG_WARN_INT_CONVERSION = YES;
				CLANG_WARN_NON_LITERAL_NULL_CONVERSION = YES;
				CLANG_WARN_OBJC_IMPLICIT_RETAIN_SELF = YES;
				CLANG_WARN_OBJC_LITERAL_CONVERSION = YES;
				CLANG_WARN_OBJC_ROOT_CLASS = YES_ERROR;
				CLANG_WARN_QUOTED_INCLUDE_IN_FRAMEWORK_HEADER = YES;
				CLANG_WARN_RANGE_LOOP_ANALYSIS = YES;
				CLANG_WARN_STRICT_PROTOTYPES = YES;
				CLANG_WARN_SUSPICIOUS_MOVE = YES;
				CLANG_WARN_UNGUARDED_AVAILABILITY = YES_AGGRESSIVE;
				CLANG_WARN_UNREACHABLE_CODE = YES;
				CLANG_WARN__DUPLICATE_METHOD_MATCH = YES;
				COPY_PHASE_STRIP = NO;
				DEBUG_INFORMATION_FORMAT = "dwarf-with-dsym";
				ENABLE_NS_ASSERTIONS = NO;
				ENABLE_STRICT_OBJC_MSGSEND = YES;
				GCC_C_LANGUAGE_STANDARD = gnu11;
				GCC_NO_COMMON_BLOCKS = YES;
				GCC_WARN_64_TO_32_BIT_CONVERSION = YES;
				GCC_WARN_ABOUT_RETURN_TYPE = YES_ERROR;
				GCC_WARN_UNDECLARED_SELECTOR = YES;
				GCC_WARN_UNINITIALIZED_AUTOS = YES_AGGRESSIVE;
				GCC_WARN_UNUSED_FUNCTION = YES;
				GCC_WARN_UNUSED_VARIABLE = YES;
				IPHONEOS_DEPLOYMENT_TARGET = 16.4;
				MTL_ENABLE_DEBUG_INFO = NO;
				MTL_FAST_MATH = YES;
				SDKROOT = iphoneos;
				SWIFT_COMPILATION_MODE = wholemodule;
				SWIFT_OPTIMIZATION_LEVEL = "-O";
				VALIDATE_PRODUCT = YES;
			};
			name = Release;
		};
		E80809272A4DB6A70020462D /* Debug */ = {
			isa = XCBuildConfiguration;
			buildSettings = {
				ASSETCATALOG_COMPILER_APPICON_NAME = AppIcon;
				ASSETCATALOG_COMPILER_GLOBAL_ACCENT_COLOR_NAME = AccentColor;
				CODE_SIGN_STYLE = Automatic;
				CURRENT_PROJECT_VERSION = 1;
				DEVELOPMENT_ASSET_PATHS = "\"PDFToolsTesting/Preview Content\"";
				DEVELOPMENT_TEAM = MH62Y8D74P;
				ENABLE_PREVIEWS = YES;
				GENERATE_INFOPLIST_FILE = YES;
				INFOPLIST_KEY_UIApplicationSceneManifest_Generation = YES;
				INFOPLIST_KEY_UIApplicationSupportsIndirectInputEvents = YES;
				INFOPLIST_KEY_UILaunchScreen_Generation = YES;
				INFOPLIST_KEY_UISupportedInterfaceOrientations_iPad = "UIInterfaceOrientationPortrait UIInterfaceOrientationPortraitUpsideDown UIInterfaceOrientationLandscapeLeft UIInterfaceOrientationLandscapeRight";
				INFOPLIST_KEY_UISupportedInterfaceOrientations_iPhone = "UIInterfaceOrientationPortrait UIInterfaceOrientationLandscapeLeft UIInterfaceOrientationLandscapeRight";
				LD_RUNPATH_SEARCH_PATHS = (
					"$(inherited)",
					"@executable_path/Frameworks",
				);
				MARKETING_VERSION = 1.0;
				PRODUCT_BUNDLE_IDENTIFIER = uk.co.sabarnett.PDFToolsTesting;
				PRODUCT_NAME = "$(TARGET_NAME)";
				SWIFT_EMIT_LOC_STRINGS = YES;
				SWIFT_VERSION = 5.0;
				TARGETED_DEVICE_FAMILY = "1,2";
			};
			name = Debug;
		};
		E80809282A4DB6A70020462D /* Release */ = {
			isa = XCBuildConfiguration;
			buildSettings = {
				ASSETCATALOG_COMPILER_APPICON_NAME = AppIcon;
				ASSETCATALOG_COMPILER_GLOBAL_ACCENT_COLOR_NAME = AccentColor;
				CODE_SIGN_STYLE = Automatic;
				CURRENT_PROJECT_VERSION = 1;
				DEVELOPMENT_ASSET_PATHS = "\"PDFToolsTesting/Preview Content\"";
				DEVELOPMENT_TEAM = MH62Y8D74P;
				ENABLE_PREVIEWS = YES;
				GENERATE_INFOPLIST_FILE = YES;
				INFOPLIST_KEY_UIApplicationSceneManifest_Generation = YES;
				INFOPLIST_KEY_UIApplicationSupportsIndirectInputEvents = YES;
				INFOPLIST_KEY_UILaunchScreen_Generation = YES;
				INFOPLIST_KEY_UISupportedInterfaceOrientations_iPad = "UIInterfaceOrientationPortrait UIInterfaceOrientationPortraitUpsideDown UIInterfaceOrientationLandscapeLeft UIInterfaceOrientationLandscapeRight";
				INFOPLIST_KEY_UISupportedInterfaceOrientations_iPhone = "UIInterfaceOrientationPortrait UIInterfaceOrientationLandscapeLeft UIInterfaceOrientationLandscapeRight";
				LD_RUNPATH_SEARCH_PATHS = (
					"$(inherited)",
					"@executable_path/Frameworks",
				);
				MARKETING_VERSION = 1.0;
				PRODUCT_BUNDLE_IDENTIFIER = uk.co.sabarnett.PDFToolsTesting;
				PRODUCT_NAME = "$(TARGET_NAME)";
				SWIFT_EMIT_LOC_STRINGS = YES;
				SWIFT_VERSION = 5.0;
				TARGETED_DEVICE_FAMILY = "1,2";
			};
			name = Release;
		};
/* End XCBuildConfiguration section */

/* Begin XCConfigurationList section */
		E80809132A4DB6A60020462D /* Build configuration list for PBXProject "PDFToolsTesting" */ = {
			isa = XCConfigurationList;
			buildConfigurations = (
				E80809242A4DB6A70020462D /* Debug */,
				E80809252A4DB6A70020462D /* Release */,
			);
			defaultConfigurationIsVisible = 0;
			defaultConfigurationName = Release;
		};
		E80809262A4DB6A70020462D /* Build configuration list for PBXNativeTarget "PDFToolsTesting" */ = {
			isa = XCConfigurationList;
			buildConfigurations = (
				E80809272A4DB6A70020462D /* Debug */,
				E80809282A4DB6A70020462D /* Release */,
			);
			defaultConfigurationIsVisible = 0;
			defaultConfigurationName = Release;
		};
/* End XCConfigurationList section */
	};
	rootObject = E80809102A4DB6A60020462D /* Project object */;
}
