// !$*UTF8*$!
{
	archiveVersion = 1;
	classes = {
	};
	objectVersion = 56;
	objects = {

/* Begin PBXBuildFile section */
		E808092E2A4DB7C40020462D /* PDFViewUI.swift in Sources */ = {isa = PBXBuildFile; fileRef = E808092A2A4DB7C40020462D /* PDFViewUI.swift */; };
		E808092F2A4DB7C40020462D /* ShareView.swift in Sources */ = {isa = PBXBuildFile; fileRef = E808092B2A4DB7C40020462D /* ShareView.swift */; };
		E80809302A4DB7C40020462D /* PDFViewer.swift in Sources */ = {isa = PBXBuildFile; fileRef = E808092C2A4DB7C40020462D /* PDFViewer.swift */; };
		E80809312A4DB7C40020462D /* RandomActs.pdf in Resources */ = {isa = PBXBuildFile; fileRef = E808092D2A4DB7C40020462D /* RandomActs.pdf */; };
		E808093A2A4DB7D70020462D /* PDFGeneratorUI.swift in Sources */ = {isa = PBXBuildFile; fileRef = E80809332A4DB7D70020462D /* PDFGeneratorUI.swift */; };
		E808093B2A4DB7D70020462D /* NSAttributedString+Extension.swift in Sources */ = {isa = PBXBuildFile; fileRef = E80809352A4DB7D70020462D /* NSAttributedString+Extension.swift */; };
		E808093C2A4DB7D70020462D /* PDFParagraphStyle.swift in Sources */ = {isa = PBXBuildFile; fileRef = E80809362A4DB7D70020462D /* PDFParagraphStyle.swift */; };
		E808093D2A4DB7D70020462D /* PDFGenerator.swift in Sources */ = {isa = PBXBuildFile; fileRef = E80809372A4DB7D70020462D /* PDFGenerator.swift */; };
		E808093E2A4DB7D70020462D /* PDFContext+Extensions.swift in Sources */ = {isa = PBXBuildFile; fileRef = E80809382A4DB7D70020462D /* PDFContext+Extensions.swift */; };
		E808093F2A4DB7D70020462D /* PDFObjects.swift in Sources */ = {isa = PBXBuildFile; fileRef = E80809392A4DB7D70020462D /* PDFObjects.swift */; };
		E8D014E72A4DB134009509C4 /* PDFTools.docc in Sources */ = {isa = PBXBuildFile; fileRef = E8D014E62A4DB134009509C4 /* PDFTools.docc */; };
		E8D014E82A4DB134009509C4 /* PDFTools.h in Headers */ = {isa = PBXBuildFile; fileRef = E8D014E52A4DB134009509C4 /* PDFTools.h */; settings = {ATTRIBUTES = (Public, ); }; };
/* End PBXBuildFile section */

/* Begin PBXFileReference section */
		E808092A2A4DB7C40020462D /* PDFViewUI.swift */ = {isa = PBXFileReference; fileEncoding = 4; lastKnownFileType = sourcecode.swift; path = PDFViewUI.swift; sourceTree = "<group>"; };
		E808092B2A4DB7C40020462D /* ShareView.swift */ = {isa = PBXFileReference; fileEncoding = 4; lastKnownFileType = sourcecode.swift; path = ShareView.swift; sourceTree = "<group>"; };
		E808092C2A4DB7C40020462D /* PDFViewer.swift */ = {isa = PBXFileReference; fileEncoding = 4; lastKnownFileType = sourcecode.swift; path = PDFViewer.swift; sourceTree = "<group>"; };
		E808092D2A4DB7C40020462D /* RandomActs.pdf */ = {isa = PBXFileReference; lastKnownFileType = image.pdf; name = RandomActs.pdf; path = ../../../PDFToolsTesting/PDFToolsTesting/Viewer/RandomActs.pdf; sourceTree = "<group>"; };
		E80809332A4DB7D70020462D /* PDFGeneratorUI.swift */ = {isa = PBXFileReference; fileEncoding = 4; lastKnownFileType = sourcecode.swift; path = PDFGeneratorUI.swift; sourceTree = "<group>"; };
		E80809352A4DB7D70020462D /* NSAttributedString+Extension.swift */ = {isa = PBXFileReference; fileEncoding = 4; lastKnownFileType = sourcecode.swift; path = "NSAttributedString+Extension.swift"; sourceTree = "<group>"; };
		E80809362A4DB7D70020462D /* PDFParagraphStyle.swift */ = {isa = PBXFileReference; fileEncoding = 4; lastKnownFileType = sourcecode.swift; path = PDFParagraphStyle.swift; sourceTree = "<group>"; };
		E80809372A4DB7D70020462D /* PDFGenerator.swift */ = {isa = PBXFileReference; fileEncoding = 4; lastKnownFileType = sourcecode.swift; path = PDFGenerator.swift; sourceTree = "<group>"; };
		E80809382A4DB7D70020462D /* PDFContext+Extensions.swift */ = {isa = PBXFileReference; fileEncoding = 4; lastKnownFileType = sourcecode.swift; path = "PDFContext+Extensions.swift"; sourceTree = "<group>"; };
		E80809392A4DB7D70020462D /* PDFObjects.swift */ = {isa = PBXFileReference; fileEncoding = 4; lastKnownFileType = sourcecode.swift; path = PDFObjects.swift; sourceTree = "<group>"; };
		E8D014E22A4DB134009509C4 /* PDFTools.framework */ = {isa = PBXFileReference; explicitFileType = wrapper.framework; includeInIndex = 0; path = PDFTools.framework; sourceTree = BUILT_PRODUCTS_DIR; };
		E8D014E52A4DB134009509C4 /* PDFTools.h */ = {isa = PBXFileReference; lastKnownFileType = sourcecode.c.h; path = PDFTools.h; sourceTree = "<group>"; };
		E8D014E62A4DB134009509C4 /* PDFTools.docc */ = {isa = PBXFileReference; lastKnownFileType = folder.documentationcatalog; path = PDFTools.docc; sourceTree = "<group>"; };
/* End PBXFileReference section */

/* Begin PBXFrameworksBuildPhase section */
		E8D014DF2A4DB134009509C4 /* Frameworks */ = {
			isa = PBXFrameworksBuildPhase;
			buildActionMask = 2147483647;
			files = (
			);
			runOnlyForDeploymentPostprocessing = 0;
		};
/* End PBXFrameworksBuildPhase section */

/* Begin PBXGroup section */
		E80809292A4DB7C40020462D /* PDFViewer */ = {
			isa = PBXGroup;
			children = (
				E808092A2A4DB7C40020462D /* PDFViewUI.swift */,
				E808092B2A4DB7C40020462D /* ShareView.swift */,
				E808092C2A4DB7C40020462D /* PDFViewer.swift */,
				E808092D2A4DB7C40020462D /* RandomActs.pdf */,
			);
			path = PDFViewer;
			sourceTree = "<group>";
		};
		E80809322A4DB7D70020462D /* PDFGenerator */ = {
			isa = PBXGroup;
			children = (
				E80809332A4DB7D70020462D /* PDFGeneratorUI.swift */,
				E80809342A4DB7D70020462D /* PDFCreationObjects */,
			);
			path = PDFGenerator;
			sourceTree = "<group>";
		};
		E80809342A4DB7D70020462D /* PDFCreationObjects */ = {
			isa = PBXGroup;
			children = (
				E80809352A4DB7D70020462D /* NSAttributedString+Extension.swift */,
				E80809362A4DB7D70020462D /* PDFParagraphStyle.swift */,
				E80809372A4DB7D70020462D /* PDFGenerator.swift */,
				E80809382A4DB7D70020462D /* PDFContext+Extensions.swift */,
				E80809392A4DB7D70020462D /* PDFObjects.swift */,
			);
			path = PDFCreationObjects;
			sourceTree = "<group>";
		};
		E8D014D82A4DB134009509C4 = {
			isa = PBXGroup;
			children = (
				E8D014E42A4DB134009509C4 /* PDFTools */,
				E8D014E32A4DB134009509C4 /* Products */,
			);
			sourceTree = "<group>";
		};
		E8D014E32A4DB134009509C4 /* Products */ = {
			isa = PBXGroup;
			children = (
				E8D014E22A4DB134009509C4 /* PDFTools.framework */,
			);
			name = Products;
			sourceTree = "<group>";
		};
		E8D014E42A4DB134009509C4 /* PDFTools */ = {
			isa = PBXGroup;
			children = (
				E80809322A4DB7D70020462D /* PDFGenerator */,
				E80809292A4DB7C40020462D /* PDFViewer */,
				E8D014E52A4DB134009509C4 /* PDFTools.h */,
				E8D014E62A4DB134009509C4 /* PDFTools.docc */,
			);
			path = PDFTools;
			sourceTree = "<group>";
		};
/* End PBXGroup section */

/* Begin PBXHeadersBuildPhase section */
		E8D014DD2A4DB134009509C4 /* Headers */ = {
			isa = PBXHeadersBuildPhase;
			buildActionMask = 2147483647;
			files = (
				E8D014E82A4DB134009509C4 /* PDFTools.h in Headers */,
			);
			runOnlyForDeploymentPostprocessing = 0;
		};
/* End PBXHeadersBuildPhase section */

/* Begin PBXNativeTarget section */
		E8D014E12A4DB134009509C4 /* PDFTools */ = {
			isa = PBXNativeTarget;
			buildConfigurationList = E8D014EB2A4DB134009509C4 /* Build configuration list for PBXNativeTarget "PDFTools" */;
			buildPhases = (
				E8D014DD2A4DB134009509C4 /* Headers */,
				E8D014DE2A4DB134009509C4 /* Sources */,
				E8D014DF2A4DB134009509C4 /* Frameworks */,
				E8D014E02A4DB134009509C4 /* Resources */,
			);
			buildRules = (
			);
			dependencies = (
			);
			name = PDFTools;
			productName = PDFGenerator;
			productReference = E8D014E22A4DB134009509C4 /* PDFTools.framework */;
			productType = "com.apple.product-type.framework";
		};
/* End PBXNativeTarget section */

/* Begin PBXProject section */
		E8D014D92A4DB134009509C4 /* Project object */ = {
			isa = PBXProject;
			attributes = {
				BuildIndependentTargetsInParallel = 1;
				LastUpgradeCheck = 1430;
				TargetAttributes = {
					E8D014E12A4DB134009509C4 = {
						CreatedOnToolsVersion = 14.3.1;
					};
				};
			};
			buildConfigurationList = E8D014DC2A4DB134009509C4 /* Build configuration list for PBXProject "PDFTools" */;
			compatibilityVersion = "Xcode 14.0";
			developmentRegion = en;
			hasScannedForEncodings = 0;
			knownRegions = (
				en,
				Base,
			);
			mainGroup = E8D014D82A4DB134009509C4;
			productRefGroup = E8D014E32A4DB134009509C4 /* Products */;
			projectDirPath = "";
			projectRoot = "";
			targets = (
				E8D014E12A4DB134009509C4 /* PDFTools */,
			);
		};
/* End PBXProject section */

/* Begin PBXResourcesBuildPhase section */
		E8D014E02A4DB134009509C4 /* Resources */ = {
			isa = PBXResourcesBuildPhase;
			buildActionMask = 2147483647;
			files = (
				E80809312A4DB7C40020462D /* RandomActs.pdf in Resources */,
			);
			runOnlyForDeploymentPostprocessing = 0;
		};
/* End PBXResourcesBuildPhase section */

/* Begin PBXSourcesBuildPhase section */
		E8D014DE2A4DB134009509C4 /* Sources */ = {
			isa = PBXSourcesBuildPhase;
			buildActionMask = 2147483647;
			files = (
				E80809302A4DB7C40020462D /* PDFViewer.swift in Sources */,
				E808093E2A4DB7D70020462D /* PDFContext+Extensions.swift in Sources */,
				E808093A2A4DB7D70020462D /* PDFGeneratorUI.swift in Sources */,
				E808092F2A4DB7C40020462D /* ShareView.swift in Sources */,
				E808093C2A4DB7D70020462D /* PDFParagraphStyle.swift in Sources */,
				E808093B2A4DB7D70020462D /* NSAttributedString+Extension.swift in Sources */,
				E8D014E72A4DB134009509C4 /* PDFTools.docc in Sources */,
				E808093F2A4DB7D70020462D /* PDFObjects.swift in Sources */,
				E808093D2A4DB7D70020462D /* PDFGenerator.swift in Sources */,
				E808092E2A4DB7C40020462D /* PDFViewUI.swift in Sources */,
			);
			runOnlyForDeploymentPostprocessing = 0;
		};
/* End PBXSourcesBuildPhase section */

/* Begin XCBuildConfiguration section */
		E8D014E92A4DB134009509C4 /* Debug */ = {
			isa = XCBuildConfiguration;
			buildSettings = {
				ALWAYS_SEARCH_USER_PATHS = NO;
				CLANG_ANALYZER_NONNULL = YES;
				CLANG_ANALYZER_NUMBER_OBJECT_CONVERSION = YES_AGGRESSIVE;
				CLANG_CXX_LANGUAGE_STANDARD = "gnu++20";
				CLANG_ENABLE_MODULES = YES;
				CLANG_ENABLE_OBJC_ARC = YES;
				CLANG_ENABLE_OBJC_WEAK = YES;
				CLANG_WARN_BLOCK_CAPTURE_AUTORELEASING = YES;
				CLANG_WARN_BOOL_CONVERSION = YES;
				CLANG_WARN_COMMA = YES;
				CLANG_WARN_CONSTANT_CONVERSION = YES;
				CLANG_WARN_DEPRECATED_OBJC_IMPLEMENTATIONS = YES;
				CLANG_WARN_DIRECT_OBJC_ISA_USAGE = YES_ERROR;
				CLANG_WARN_DOCUMENTATION_COMMENTS = YES;
				CLANG_WARN_EMPTY_BODY = YES;
				CLANG_WARN_ENUM_CONVERSION = YES;
				CLANG_WARN_INFINITE_RECURSION = YES;
				CLANG_WARN_INT_CONVERSION = YES;
				CLANG_WARN_NON_LITERAL_NULL_CONVERSION = YES;
				CLANG_WARN_OBJC_IMPLICIT_RETAIN_SELF = YES;
				CLANG_WARN_OBJC_LITERAL_CONVERSION = YES;
				CLANG_WARN_OBJC_ROOT_CLASS = YES_ERROR;
				CLANG_WARN_QUOTED_INCLUDE_IN_FRAMEWORK_HEADER = YES;
				CLANG_WARN_RANGE_LOOP_ANALYSIS = YES;
				CLANG_WARN_STRICT_PROTOTYPES = YES;
				CLANG_WARN_SUSPICIOUS_MOVE = YES;
				CLANG_WARN_UNGUARDED_AVAILABILITY = YES_AGGRESSIVE;
				CLANG_WARN_UNREACHABLE_CODE = YES;
				CLANG_WARN__DUPLICATE_METHOD_MATCH = YES;
				COPY_PHASE_STRIP = NO;
				CURRENT_PROJECT_VERSION = 1;
				DEBUG_INFORMATION_FORMAT = dwarf;
				ENABLE_STRICT_OBJC_MSGSEND = YES;
				ENABLE_TESTABILITY = YES;
				GCC_C_LANGUAGE_STANDARD = gnu11;
				GCC_DYNAMIC_NO_PIC = NO;
				GCC_NO_COMMON_BLOCKS = YES;
				GCC_OPTIMIZATION_LEVEL = 0;
				GCC_PREPROCESSOR_DEFINITIONS = (
					"DEBUG=1",
					"$(inherited)",
				);
				GCC_WARN_64_TO_32_BIT_CONVERSION = YES;
				GCC_WARN_ABOUT_RETURN_TYPE = YES_ERROR;
				GCC_WARN_UNDECLARED_SELECTOR = YES;
				GCC_WARN_UNINITIALIZED_AUTOS = YES_AGGRESSIVE;
				GCC_WARN_UNUSED_FUNCTION = YES;
				GCC_WARN_UNUSED_VARIABLE = YES;
				IPHONEOS_DEPLOYMENT_TARGET = 16.4;
				MTL_ENABLE_DEBUG_INFO = INCLUDE_SOURCE;
				MTL_FAST_MATH = YES;
				ONLY_ACTIVE_ARCH = YES;
				SDKROOT = iphoneos;
				SWIFT_ACTIVE_COMPILATION_CONDITIONS = DEBUG;
				SWIFT_OPTIMIZATION_LEVEL = "-Onone";
				VERSIONING_SYSTEM = "apple-generic";
				VERSION_INFO_PREFIX = "";
			};
			name = Debug;
		};
		E8D014EA2A4DB134009509C4 /* Release */ = {
			isa = XCBuildConfiguration;
			buildSettings = {
				ALWAYS_SEARCH_USER_PATHS = NO;
				CLANG_ANALYZER_NONNULL = YES;
				CLANG_ANALYZER_NUMBER_OBJECT_CONVERSION = YES_AGGRESSIVE;
				CLANG_CXX_LANGUAGE_STANDARD = "gnu++20";
				CLANG_ENABLE_MODULES = YES;
				CLANG_ENABLE_OBJC_ARC = YES;
				CLANG_ENABLE_OBJC_WEAK = YES;
				CLANG_WARN_BLOCK_CAPTURE_AUTORELEASING = YES;
				CLANG_WARN_BOOL_CONVERSION = YES;
				CLANG_WARN_COMMA = YES;
				CLANG_WARN_CONSTANT_CONVERSION = YES;
				CLANG_WARN_DEPRECATED_OBJC_IMPLEMENTATIONS = YES;
				CLANG_WARN_DIRECT_OBJC_ISA_USAGE = YES_ERROR;
				CLANG_WARN_DOCUMENTATION_COMMENTS = YES;
				CLANG_WARN_EMPTY_BODY = YES;
				CLANG_WARN_ENUM_CONVERSION = YES;
				CLANG_WARN_INFINITE_RECURSION = YES;
				CLANG_WARN_INT_CONVERSION = YES;
				CLANG_WARN_NON_LITERAL_NULL_CONVERSION = YES;
				CLANG_WARN_OBJC_IMPLICIT_RETAIN_SELF = YES;
				CLANG_WARN_OBJC_LITERAL_CONVERSION = YES;
				CLANG_WARN_OBJC_ROOT_CLASS = YES_ERROR;
				CLANG_WARN_QUOTED_INCLUDE_IN_FRAMEWORK_HEADER = YES;
				CLANG_WARN_RANGE_LOOP_ANALYSIS = YES;
				CLANG_WARN_STRICT_PROTOTYPES = YES;
				CLANG_WARN_SUSPICIOUS_MOVE = YES;
				CLANG_WARN_UNGUARDED_AVAILABILITY = YES_AGGRESSIVE;
				CLANG_WARN_UNREACHABLE_CODE = YES;
				CLANG_WARN__DUPLICATE_METHOD_MATCH = YES;
				COPY_PHASE_STRIP = NO;
				CURRENT_PROJECT_VERSION = 1;
				DEBUG_INFORMATION_FORMAT = "dwarf-with-dsym";
				ENABLE_NS_ASSERTIONS = NO;
				ENABLE_STRICT_OBJC_MSGSEND = YES;
				GCC_C_LANGUAGE_STANDARD = gnu11;
				GCC_NO_COMMON_BLOCKS = YES;
				GCC_WARN_64_TO_32_BIT_CONVERSION = YES;
				GCC_WARN_ABOUT_RETURN_TYPE = YES_ERROR;
				GCC_WARN_UNDECLARED_SELECTOR = YES;
				GCC_WARN_UNINITIALIZED_AUTOS = YES_AGGRESSIVE;
				GCC_WARN_UNUSED_FUNCTION = YES;
				GCC_WARN_UNUSED_VARIABLE = YES;
				IPHONEOS_DEPLOYMENT_TARGET = 16.4;
				MTL_ENABLE_DEBUG_INFO = NO;
				MTL_FAST_MATH = YES;
				SDKROOT = iphoneos;
				SWIFT_COMPILATION_MODE = wholemodule;
				SWIFT_OPTIMIZATION_LEVEL = "-O";
				VALIDATE_PRODUCT = YES;
				VERSIONING_SYSTEM = "apple-generic";
				VERSION_INFO_PREFIX = "";
			};
			name = Release;
		};
		E8D014EC2A4DB134009509C4 /* Debug */ = {
			isa = XCBuildConfiguration;
			buildSettings = {
				CODE_SIGN_STYLE = Automatic;
				CURRENT_PROJECT_VERSION = 1;
				DEFINES_MODULE = YES;
				DEVELOPMENT_TEAM = MH62Y8D74P;
				DYLIB_COMPATIBILITY_VERSION = 1;
				DYLIB_CURRENT_VERSION = 1;
				DYLIB_INSTALL_NAME_BASE = "@rpath";
				ENABLE_MODULE_VERIFIER = YES;
				GENERATE_INFOPLIST_FILE = YES;
				INFOPLIST_KEY_NSHumanReadableCopyright = "";
				INSTALL_PATH = "$(LOCAL_LIBRARY_DIR)/Frameworks";
				IPHONEOS_DEPLOYMENT_TARGET = 15.4;
				LD_RUNPATH_SEARCH_PATHS = (
					"$(inherited)",
					"@executable_path/Frameworks",
					"@loader_path/Frameworks",
				);
				MARKETING_VERSION = 1.0;
				MODULE_VERIFIER_SUPPORTED_LANGUAGES = "objective-c objective-c++";
				MODULE_VERIFIER_SUPPORTED_LANGUAGE_STANDARDS = "gnu11 gnu++20";
				PRODUCT_BUNDLE_IDENTIFIER = uk.co.sabarnett.PDFGenerator;
				PRODUCT_NAME = "$(TARGET_NAME:c99extidentifier)";
				SKIP_INSTALL = YES;
				SWIFT_EMIT_LOC_STRINGS = YES;
				SWIFT_VERSION = 5.0;
				TARGETED_DEVICE_FAMILY = "1,2";
			};
			name = Debug;
		};
		E8D014ED2A4DB134009509C4 /* Release */ = {
			isa = XCBuildConfiguration;
			buildSettings = {
				CODE_SIGN_STYLE = Automatic;
				CURRENT_PROJECT_VERSION = 1;
				DEFINES_MODULE = YES;
				DEVELOPMENT_TEAM = MH62Y8D74P;
				DYLIB_COMPATIBILITY_VERSION = 1;
				DYLIB_CURRENT_VERSION = 1;
				DYLIB_INSTALL_NAME_BASE = "@rpath";
				ENABLE_MODULE_VERIFIER = YES;
				GENERATE_INFOPLIST_FILE = YES;
				INFOPLIST_KEY_NSHumanReadableCopyright = "";
				INSTALL_PATH = "$(LOCAL_LIBRARY_DIR)/Frameworks";
				IPHONEOS_DEPLOYMENT_TARGET = 15.4;
				LD_RUNPATH_SEARCH_PATHS = (
					"$(inherited)",
					"@executable_path/Frameworks",
					"@loader_path/Frameworks",
				);
				MARKETING_VERSION = 1.0;
				MODULE_VERIFIER_SUPPORTED_LANGUAGES = "objective-c objective-c++";
				MODULE_VERIFIER_SUPPORTED_LANGUAGE_STANDARDS = "gnu11 gnu++20";
				PRODUCT_BUNDLE_IDENTIFIER = uk.co.sabarnett.PDFGenerator;
				PRODUCT_NAME = "$(TARGET_NAME:c99extidentifier)";
				SKIP_INSTALL = YES;
				SWIFT_EMIT_LOC_STRINGS = YES;
				SWIFT_VERSION = 5.0;
				TARGETED_DEVICE_FAMILY = "1,2";
			};
			name = Release;
		};
/* End XCBuildConfiguration section */

/* Begin XCConfigurationList section */
		E8D014DC2A4DB134009509C4 /* Build configuration list for PBXProject "PDFTools" */ = {
			isa = XCConfigurationList;
			buildConfigurations = (
				E8D014E92A4DB134009509C4 /* Debug */,
				E8D014EA2A4DB134009509C4 /* Release */,
			);
			defaultConfigurationIsVisible = 0;
			defaultConfigurationName = Release;
		};
		E8D014EB2A4DB134009509C4 /* Build configuration list for PBXNativeTarget "PDFTools" */ = {
			isa = XCConfigurationList;
			buildConfigurations = (
				E8D014EC2A4DB134009509C4 /* Debug */,
				E8D014ED2A4DB134009509C4 /* Release */,
			);
			defaultConfigurationIsVisible = 0;
			defaultConfigurationName = Release;
		};
/* End XCConfigurationList section */
	};
	rootObject = E8D014D92A4DB134009509C4 /* Project object */;
}
